dependencies:
- name: gateway
  repository: file://charts/gateway
  version: 0.1.0
- name: ingestion
  repository: file://charts/ingestion
  version: 0.1.0
- name: processing
  repository: file://charts/processing
  version: 0.1.0
- name: notification
  repository: file://charts/notification
  version: 0.1.0
- name: scheduler
  repository: file://charts/scheduler
  version: 0.1.0
- name: report
  repository: file://charts/report
  version: 0.1.0
- name: kafka
  repository: file://charts/kafka
  version: 0.1.0
- name: redis
  repository: file://charts/redis
  version: 0.1.0
- name: postgres
  repository: file://charts/postgres
  version: 0.1.0
- name: prometheus
  repository: file://charts/prometheus
  version: 0.1.0
- name: grafana
  repository: file://charts/grafana
  version: 0.1.0
digest: sha256:52573c76c59f733716adda29e6094d9b1d22a3619d60affd6b1c541a6685c733
generated: "2026-08-06T03:21:36.923635792Z"
